<Solution>
  <Folder Name="/InnoClinic.Auth/" />
  <Folder Name="/InnoClinic.Auth/src/">
    <Project Path="InnoClinic.Auth/src/Application/Application.csproj" />
    <Project Path="InnoClinic.Auth/src/Domain/Domain.csproj" />
    <Project Path="InnoClinic.Auth/src/Infrastructure/Infrastructure.csproj" />
    <Project Path="InnoClinic.Auth/src/Presentation/Presentation.csproj" />
  </Folder>
  <Folder Name="/InnoClinic.Officies/" />
  <Folder Name="/InnoClinic.Officies/src/">
    <Project Path="InnoClinic.Officies/src/Business/Business.csproj" />
    <Project Path="InnoClinic.Officies/src/DataAccess/DataAccess.csproj" />
    <Project Path="InnoClinic.Officies/src/InnoClinic.Officies.Shared/InnoClinic.Officies.Shared.csproj" />
    <Project Path="InnoClinic.Officies/src/Presentation/Presentation.csproj" />
  </Folder>
  <Folder Name="/InnoClinic.Shared/" />
  <Folder Name="/InnoClinic.Shared/src/">
    <Project Path="InnoClinic.Shared/src/Shared/Shared.csproj" />
  </Folder>
</Solution>
